// !$*UTF8*$!
{
	archiveVersion = 1;
	classes = {
	};
	objectVersion = 46;
	objects = {

/* Begin PBXBuildFile section */
		3A85AF061D50AE7E0074C3F4 /* AppDelegate.swift in Sources */ = {isa = PBXBuildFile; fileRef = 3A85AF051D50AE7E0074C3F4 /* AppDelegate.swift */; };
		3A85AF081D50AE7E0074C3F4 /* ViewController.swift in Sources */ = {isa = PBXBuildFile; fileRef = 3A85AF071D50AE7E0074C3F4 /* ViewController.swift */; };
		3A85AF0B1D50AE7E0074C3F4 /* Main.storyboard in Resources */ = {isa = PBXBuildFile; fileRef = 3A85AF091D50AE7E0074C3F4 /* Main.storyboard */; };
		3A85AF0D1D50AE7E0074C3F4 /* Assets.xcassets in Resources */ = {isa = PBXBuildFile; fileRef = 3A85AF0C1D50AE7E0074C3F4 /* Assets.xcassets */; };
		3A85AF101D50AE7E0074C3F4 /* LaunchScreen.storyboard in Resources */ = {isa = PBXBuildFile; fileRef = 3A85AF0E1D50AE7E0074C3F4 /* LaunchScreen.storyboard */; };
		3A85AF1B1D50AE7E0074C3F4 /* GithubDemoTests.swift in Sources */ = {isa = PBXBuildFile; fileRef = 3A85AF1A1D50AE7E0074C3F4 /* GithubDemoTests.swift */; };
		3A85AF261D50AE7E0074C3F4 /* GithubDemoUITests.swift in Sources */ = {isa = PBXBuildFile; fileRef = 3A85AF251D50AE7E0074C3F4 /* GithubDemoUITests.swift */; };
/* End PBXBuildFile section */

/* Begin PBXContainerItemProxy section */
		3A85AF171D50AE7E0074C3F4 /* PBXContainerItemProxy */ = {
			isa = PBXContainerItemProxy;
			containerPortal = 3A85AEFA1D50AE7D0074C3F4 /* Project object */;
			proxyType = 1;
			remoteGlobalIDString = 3A85AF011D50AE7E0074C3F4;
			remoteInfo = GithubDemo;
		};
		3A85AF221D50AE7E0074C3F4 /* PBXContainerItemProxy */ = {
			isa = PBXContainerItemProxy;
			containerPortal = 3A85AEFA1D50AE7D0074C3F4 /* Project object */;
			proxyType = 1;
			remoteGlobalIDString = 3A85AF011D50AE7E0074C3F4;
			remoteInfo = GithubDemo;
		};
/* End PBXContainerItemProxy section */

/* Begin PBXFileReference section */
		3A85AF021D50AE7E0074C3F4 /* GithubDemo.app */ = {isa = PBXFileReference; explicitFileType = wrapper.application; includeInIndex = 0; path = GithubDemo.app; sourceTree = BUILT_PRODUCTS_DIR; };
		3A85AF051D50AE7E0074C3F4 /* AppDelegate.swift */ = {isa = PBXFileReference; lastKnownFileType = sourcecode.swift; path = AppDelegate.swift; sourceTree = "<group>"; };
		3A85AF071D50AE7E0074C3F4 /* ViewController.swift */ = {isa = PBXFileReference; lastKnownFileType = sourcecode.swift; path = ViewController.swift; sourceTree = "<group>"; };
		3A85AF0A1D50AE7E0074C3F4 /* Base */ = {isa = PBXFileReference; lastKnownFileType = file.storyboard; name = Base; path = Base.lproj/Main.storyboard; sourceTree = "<group>"; };
		3A85AF0C1D50AE7E0074C3F4 /* Assets.xcassets */ = {isa = PBXFileReference; lastKnownFileType = folder.assetcatalog; path = Assets.xcassets; sourceTree = "<group>"; };
		3A85AF0F1D50AE7E0074C3F4 /* Base */ = {isa = PBXFileReference; lastKnownFileType = file.storyboard; name = Base; path = Base.lproj/LaunchScreen.storyboard; sourceTree = "<group>"; };
		3A85AF111D50AE7E0074C3F4 /* Info.plist */ = {isa = PBXFileReference; lastKnownFileType = text.plist.xml; path = Info.plist; sourceTree = "<group>"; };
		3A85AF161D50AE7E0074C3F4 /* GithubDemoTests.xctest */ = {isa = PBXFileReference; explicitFileType = wrapper.cfbundle; includeInIndex = 0; path = GithubDemoTests.xctest; sourceTree = BUILT_PRODUCTS_DIR; };
		3A85AF1A1D50AE7E0074C3F4 /* GithubDemoTests.swift */ = {isa = PBXFileReference; lastKnownFileType = sourcecode.swift; path = GithubDemoTests.swift; sourceTree = "<group>"; };
		3A85AF1C1D50AE7E0074C3F4 /* Info.plist */ = {isa = PBXFileReference; lastKnownFileType = text.plist.xml; path = Info.plist; sourceTree = "<group>"; };
		3A85AF211D50AE7E0074C3F4 /* GithubDemoUITests.xctest */ = {isa = PBXFileReference; explicitFileType = wrapper.cfbundle; includeInIndex = 0; path = GithubDemoUITests.xctest; sourceTree = BUILT_PRODUCTS_DIR; };
		3A85AF251D50AE7E0074C3F4 /* GithubDemoUITests.swift */ = {isa = PBXFileReference; lastKnownFileType = sourcecode.swift; path = GithubDemoUITests.swift; sourceTree = "<group>"; };
		3A85AF271D50AE7E0074C3F4 /* Info.plist */ = {isa = PBXFileReference; lastKnownFileType = text.plist.xml; path = Info.plist; sourceTree = "<group>"; };
/* End PBXFileReference section */

/* Begin PBXFrameworksBuildPhase section */
		3A85AEFF1D50AE7E0074C3F4 /* Frameworks */ = {
			isa = PBXFrameworksBuildPhase;
			buildActionMask = 2147483647;
			files = (
			);
			runOnlyForDeploymentPostprocessing = 0;
		};
		3A85AF131D50AE7E0074C3F4 /* Frameworks */ = {
			isa = PBXFrameworksBuildPhase;
			buildActionMask = 2147483647;
			files = (
			);
			runOnlyForDeploymentPostprocessing = 0;
		};
		3A85AF1E1D50AE7E0074C3F4 /* Frameworks */ = {
			isa = PBXFrameworksBuildPhase;
			buildActionMask = 2147483647;
			files = (
			);
			runOnlyForDeploymentPostprocessing = 0;
		};
/* End PBXFrameworksBuildPhase section */

/* Begin PBXGroup section */
		3A85AEF91D50AE7D0074C3F4 = {
			isa = PBXGroup;
			children = (
				3A85AF041D50AE7E0074C3F4 /* GithubDemo */,
				3A85AF191D50AE7E0074C3F4 /* GithubDemoTests */,
				3A85AF241D50AE7E0074C3F4 /* GithubDemoUITests */,
				3A85AF031D50AE7E0074C3F4 /* Products */,
			);
			sourceTree = "<group>";
		};
		3A85AF031D50AE7E0074C3F4 /* Products */ = {
			isa = PBXGroup;
			children = (
				3A85AF021D50AE7E0074C3F4 /* GithubDemo.app */,
				3A85AF161D50AE7E0074C3F4 /* GithubDemoTests.xctest */,
				3A85AF211D50AE7E0074C3F4 /* GithubDemoUITests.xctest */,
			);
			name = Products;
			sourceTree = "<group>";
		};
		3A85AF041D50AE7E0074C3F4 /* GithubDemo */ = {
			isa = PBXGroup;
			children = (
				3A85AF051D50AE7E0074C3F4 /* AppDelegate.swift */,
				3A85AF071D50AE7E0074C3F4 /* ViewController.swift */,
				3A85AF091D50AE7E0074C3F4 /* Main.storyboard */,
				3A85AF0C1D50AE7E0074C3F4 /* Assets.xcassets */,
				3A85AF0E1D50AE7E0074C3F4 /* LaunchScreen.storyboard */,
				3A85AF111D50AE7E0074C3F4 /* Info.plist */,
			);
			path = GithubDemo;
			sourceTree = "<group>";
		};
		3A85AF191D50AE7E0074C3F4 /* GithubDemoTests */ = {
			isa = PBXGroup;
			children = (
				3A85AF1A1D50AE7E0074C3F4 /* GithubDemoTests.swift */,
				3A85AF1C1D50AE7E0074C3F4 /* Info.plist */,
			);
			path = GithubDemoTests;
			sourceTree = "<group>";
		};
		3A85AF241D50AE7E0074C3F4 /* GithubDemoUITests */ = {
			isa = PBXGroup;
			children = (
				3A85AF251D50AE7E0074C3F4 /* GithubDemoUITests.swift */,
				3A85AF271D50AE7E0074C3F4 /* Info.plist */,
			);
			path = GithubDemoUITests;
			sourceTree = "<group>";
		};
/* End PBXGroup section */

/* Begin PBXNativeTarget section */
		3A85AF011D50AE7E0074C3F4 /* GithubDemo */ = {
			isa = PBXNativeTarget;
			buildConfigurationList = 3A85AF2A1D50AE7E0074C3F4 /* Build configuration list for PBXNativeTarget "GithubDemo" */;
			buildPhases = (
				3A85AEFE1D50AE7E0074C3F4 /* Sources */,
				3A85AEFF1D50AE7E0074C3F4 /* Frameworks */,
				3A85AF001D50AE7E0074C3F4 /* Resources */,
			);
			buildRules = (
			);
			dependencies = (
			);
			name = GithubDemo;
			productName = GithubDemo;
			productReference = 3A85AF021D50AE7E0074C3F4 /* GithubDemo.app */;
			productType = "com.apple.product-type.application";
		};
		3A85AF151D50AE7E0074C3F4 /* GithubDemoTests */ = {
			isa = PBXNativeTarget;
			buildConfigurationList = 3A85AF2D1D50AE7E0074C3F4 /* Build configuration list for PBXNativeTarget "GithubDemoTests" */;
			buildPhases = (
				3A85AF121D50AE7E0074C3F4 /* Sources */,
				3A85AF131D50AE7E0074C3F4 /* Frameworks */,
				3A85AF141D50AE7E0074C3F4 /* Resources */,
			);
			buildRules = (
			);
			dependencies = (
				3A85AF181D50AE7E0074C3F4 /* PBXTargetDependency */,
			);
			name = GithubDemoTests;
			productName = GithubDemoTests;
			productReference = 3A85AF161D50AE7E0074C3F4 /* GithubDemoTests.xctest */;
			productType = "com.apple.product-type.bundle.unit-test";
		};
		3A85AF201D50AE7E0074C3F4 /* GithubDemoUITests */ = {
			isa = PBXNativeTarget;
			buildConfigurationList = 3A85AF301D50AE7E0074C3F4 /* Build configuration list for PBXNativeTarget "GithubDemoUITests" */;
			buildPhases = (
				3A85AF1D1D50AE7E0074C3F4 /* Sources */,
				3A85AF1E1D50AE7E0074C3F4 /* Frameworks */,
				3A85AF1F1D50AE7E0074C3F4 /* Resources */,
			);
			buildRules = (
			);
			dependencies = (
				3A85AF231D50AE7E0074C3F4 /* PBXTargetDependency */,
			);
			name = GithubDemoUITests;
			productName = GithubDemoUITests;
			productReference = 3A85AF211D50AE7E0074C3F4 /* GithubDemoUITests.xctest */;
			productType = "com.apple.product-type.bundle.ui-testing";
		};
/* End PBXNativeTarget section */

/* Begin PBXProject section */
		3A85AEFA1D50AE7D0074C3F4 /* Project object */ = {
			isa = PBXProject;
			attributes = {
				LastSwiftUpdateCheck = 0730;
				LastUpgradeCheck = 0730;
				ORGANIZATIONNAME = Chetu;
				TargetAttributes = {
					3A85AF011D50AE7E0074C3F4 = {
						CreatedOnToolsVersion = 7.3;
						DevelopmentTeam = WG4XB7Y62T;
					};
					3A85AF151D50AE7E0074C3F4 = {
						CreatedOnToolsVersion = 7.3;
						DevelopmentTeam = WG4XB7Y62T;
						TestTargetID = 3A85AF011D50AE7E0074C3F4;
					};
					3A85AF201D50AE7E0074C3F4 = {
						CreatedOnToolsVersion = 7.3;
						DevelopmentTeam = WG4XB7Y62T;
						TestTargetID = 3A85AF011D50AE7E0074C3F4;
					};
				};
			};
			buildConfigurationList = 3A85AEFD1D50AE7D0074C3F4 /* Build configuration list for PBXProject "GithubDemo" */;
			compatibilityVersion = "Xcode 3.2";
			developmentRegion = English;
			hasScannedForEncodings = 0;
			knownRegions = (
				en,
				Base,
			);
			mainGroup = 3A85AEF91D50AE7D0074C3F4;
			productRefGroup = 3A85AF031D50AE7E0074C3F4 /* Products */;
			projectDirPath = "";
			projectRoot = "";
			targets = (
				3A85AF011D50AE7E0074C3F4 /* GithubDemo */,
				3A85AF151D50AE7E0074C3F4 /* GithubDemoTests */,
				3A85AF201D50AE7E0074C3F4 /* GithubDemoUITests */,
			);
		};
/* End PBXProject section */

/* Begin PBXResourcesBuildPhase section */
		3A85AF001D50AE7E0074C3F4 /* Resources */ = {
			isa = PBXResourcesBuildPhase;
			buildActionMask = 2147483647;
			files = (
				3A85AF101D50AE7E0074C3F4 /* LaunchScreen.storyboard in Resources */,
				3A85AF0D1D50AE7E0074C3F4 /* Assets.xcassets in Resources */,
				3A85AF0B1D50AE7E0074C3F4 /* Main.storyboard in Resources */,
			);
			runOnlyForDeploymentPostprocessing = 0;
		};
		3A85AF141D50AE7E0074C3F4 /* Resources */ = {
			isa = PBXResourcesBuildPhase;
			buildActionMask = 2147483647;
			files = (
			);
			runOnlyForDeploymentPostprocessing = 0;
		};
		3A85AF1F1D50AE7E0074C3F4 /* Resources */ = {
			isa = PBXResourcesBuildPhase;
			buildActionMask = 2147483647;
			files = (
			);
			runOnlyForDeploymentPostprocessing = 0;
		};
/* End PBXResourcesBuildPhase section */

/* Begin PBXSourcesBuildPhase section */
		3A85AEFE1D50AE7E0074C3F4 /* Sources */ = {
			isa = PBXSourcesBuildPhase;
			buildActionMask = 2147483647;
			files = (
				3A85AF081D50AE7E0074C3F4 /* ViewController.swift in Sources */,
				3A85AF061D50AE7E0074C3F4 /* AppDelegate.swift in Sources */,
			);
			runOnlyForDeploymentPostprocessing = 0;
		};
		3A85AF121D50AE7E0074C3F4 /* Sources */ = {
			isa = PBXSourcesBuildPhase;
			buildActionMask = 2147483647;
			files = (
				3A85AF1B1D50AE7E0074C3F4 /* GithubDemoTests.swift in Sources */,
			);
			runOnlyForDeploymentPostprocessing = 0;
		};
		3A85AF1D1D50AE7E0074C3F4 /* Sources */ = {
			isa = PBXSourcesBuildPhase;
			buildActionMask = 2147483647;
			files = (
				3A85AF261D50AE7E0074C3F4 /* GithubDemoUITests.swift in Sources */,
			);
			runOnlyForDeploymentPostprocessing = 0;
		};
/* End PBXSourcesBuildPhase section */

/* Begin PBXTargetDependency section */
		3A85AF181D50AE7E0074C3F4 /* PBXTargetDependency */ = {
			isa = PBXTargetDependency;
			target = 3A85AF011D50AE7E0074C3F4 /* GithubDemo */;
			targetProxy = 3A85AF171D50AE7E0074C3F4 /* PBXContainerItemProxy */;
		};
		3A85AF231D50AE7E0074C3F4 /* PBXTargetDependency */ = {
			isa = PBXTargetDependency;
			target = 3A85AF011D50AE7E0074C3F4 /* GithubDemo */;
			targetProxy = 3A85AF221D50AE7E0074C3F4 /* PBXContainerItemProxy */;
		};
/* End PBXTargetDependency section */

/* Begin PBXVariantGroup section */
		3A85AF091D50AE7E0074C3F4 /* Main.storyboard */ = {
			isa = PBXVariantGroup;
			children = (
				3A85AF0A1D50AE7E0074C3F4 /* Base */,
			);
			name = Main.storyboard;
			sourceTree = "<group>";
		};
		3A85AF0E1D50AE7E0074C3F4 /* LaunchScreen.storyboard */ = {
			isa = PBXVariantGroup;
			children = (
				3A85AF0F1D50AE7E0074C3F4 /* Base */,
			);
			name = LaunchScreen.storyboard;
			sourceTree = "<group>";
		};
/* End PBXVariantGroup section */

/* Begin XCBuildConfiguration section */
		3A85AF281D50AE7E0074C3F4 /* Debug */ = {
			isa = XCBuildConfiguration;
			buildSettings = {
				ALWAYS_SEARCH_USER_PATHS = NO;
				CLANG_ANALYZER_NONNULL = YES;
				CLANG_CXX_LANGUAGE_STANDARD = "gnu++0x";
				CLANG_CXX_LIBRARY = "libc++";
				CLANG_ENABLE_MODULES = YES;
				CLANG_ENABLE_OBJC_ARC = YES;
				CLANG_WARN_BOOL_CONVERSION = YES;
				CLANG_WARN_CONSTANT_CONVERSION = YES;
				CLANG_WARN_DIRECT_OBJC_ISA_USAGE = YES_ERROR;
				CLANG_WARN_EMPTY_BODY = YES;
				CLANG_WARN_ENUM_CONVERSION = YES;
				CLANG_WARN_INT_CONVERSION = YES;
				CLANG_WARN_OBJC_ROOT_CLASS = YES_ERROR;
				CLANG_WARN_UNREACHABLE_CODE = YES;
				CLANG_WARN__DUPLICATE_METHOD_MATCH = YES;
				"CODE_SIGN_IDENTITY[sdk=iphoneos*]" = "iPhone Developer";
				COPY_PHASE_STRIP = NO;
				DEBUG_INFORMATION_FORMAT = dwarf;
				ENABLE_STRICT_OBJC_MSGSEND = YES;
				ENABLE_TESTABILITY = YES;
				GCC_C_LANGUAGE_STANDARD = gnu99;
				GCC_DYNAMIC_NO_PIC = NO;
				GCC_NO_COMMON_BLOCKS = YES;
				GCC_OPTIMIZATION_LEVEL = 0;
				GCC_PREPROCESSOR_DEFINITIONS = (
					"DEBUG=1",
					"$(inherited)",
				);
				GCC_WARN_64_TO_32_BIT_CONVERSION = YES;
				GCC_WARN_ABOUT_RETURN_TYPE = YES_ERROR;
				GCC_WARN_UNDECLARED_SELECTOR = YES;
				GCC_WARN_UNINITIALIZED_AUTOS = YES_AGGRESSIVE;
				GCC_WARN_UNUSED_FUNCTION = YES;
				GCC_WARN_UNUSED_VARIABLE = YES;
				IPHONEOS_DEPLOYMENT_TARGET = 9.3;
				MTL_ENABLE_DEBUG_INFO = YES;
				ONLY_ACTIVE_ARCH = YES;
				SDKROOT = iphoneos;
				SWIFT_OPTIMIZATION_LEVEL = "-Onone";
				TARGETED_DEVICE_FAMILY = "1,2";
			};
			name = Debug;
		};
		3A85AF291D50AE7E0074C3F4 /* Release */ = {
			isa = XCBuildConfiguration;
			buildSettings = {
				ALWAYS_SEARCH_USER_PATHS = NO;
				CLANG_ANALYZER_NONNULL = YES;
				CLANG_CXX_LANGUAGE_STANDARD = "gnu++0x";
				CLANG_CXX_LIBRARY = "libc++";
				CLANG_ENABLE_MODULES = YES;
				CLANG_ENABLE_OBJC_ARC = YES;
				CLANG_WARN_BOOL_CONVERSION = YES;
				CLANG_WARN_CONSTANT_CONVERSION = YES;
				CLANG_WARN_DIRECT_OBJC_ISA_USAGE = YES_ERROR;
				CLANG_WARN_EMPTY_BODY = YES;
				CLANG_WARN_ENUM_CONVERSION = YES;
				CLANG_WARN_INT_CONVERSION = YES;
				CLANG_WARN_OBJC_ROOT_CLASS = YES_ERROR;
				CLANG_WARN_UNREACHABLE_CODE = YES;
				CLANG_WARN__DUPLICATE_METHOD_MATCH = YES;
				"CODE_SIGN_IDENTITY[sdk=iphoneos*]" = "iPhone Developer";
				COPY_PHASE_STRIP = NO;
				DEBUG_INFORMATION_FORMAT = "dwarf-with-dsym";
				ENABLE_NS_ASSERTIONS = NO;
				ENABLE_STRICT_OBJC_MSGSEND = YES;
				GCC_C_LANGUAGE_STANDARD = gnu99;
				GCC_NO_COMMON_BLOCKS = YES;
				GCC_WARN_64_TO_32_BIT_CONVERSION = YES;
				GCC_WARN_ABOUT_RETURN_TYPE = YES_ERROR;
				GCC_WARN_UNDECLARED_SELECTOR = YES;
				GCC_WARN_UNINITIALIZED_AUTOS = YES_AGGRESSIVE;
				GCC_WARN_UNUSED_FUNCTION = YES;
				GCC_WARN_UNUSED_VARIABLE = YES;
				IPHONEOS_DEPLOYMENT_TARGET = 9.3;
				MTL_ENABLE_DEBUG_INFO = NO;
				SDKROOT = iphoneos;
				TARGETED_DEVICE_FAMILY = "1,2";
				VALIDATE_PRODUCT = YES;
			};
			name = Release;
		};
		3A85AF2B1D50AE7E0074C3F4 /* Debug */ = {
			isa = XCBuildConfiguration;
			buildSettings = {
				ASSETCATALOG_COMPILER_APPICON_NAME = AppIcon;
				INFOPLIST_FILE = GithubDemo/Info.plist;
				LD_RUNPATH_SEARCH_PATHS = "$(inherited) @executable_path/Frameworks";
				PRODUCT_BUNDLE_IDENTIFIER = com.dummy.keywords.GithubDemo;
				PRODUCT_NAME = "$(TARGET_NAME)";
			};
			name = Debug;
		};
		3A85AF2C1D50AE7E0074C3F4 /* Release */ = {
			isa = XCBuildConfiguration;
			buildSettings = {
				ASSETCATALOG_COMPILER_APPICON_NAME = AppIcon;
				INFOPLIST_FILE = GithubDemo/Info.plist;
				LD_RUNPATH_SEARCH_PATHS = "$(inherited) @executable_path/Frameworks";
				PRODUCT_BUNDLE_IDENTIFIER = com.dummy.keywords.GithubDemo;
				PRODUCT_NAME = "$(TARGET_NAME)";
			};
			name = Release;
		};
		3A85AF2E1D50AE7E0074C3F4 /* Debug */ = {
			isa = XCBuildConfiguration;
			buildSettings = {
				BUNDLE_LOADER = "$(TEST_HOST)";
				INFOPLIST_FILE = GithubDemoTests/Info.plist;
				LD_RUNPATH_SEARCH_PATHS = "$(inherited) @executable_path/Frameworks @loader_path/Frameworks";
				PRODUCT_BUNDLE_IDENTIFIER = com.dummy.keywords.GithubDemoTests;
				PRODUCT_NAME = "$(TARGET_NAME)";
				TEST_HOST = "$(BUILT_PRODUCTS_DIR)/GithubDemo.app/GithubDemo";
			};
			name = Debug;
		};
		3A85AF2F1D50AE7E0074C3F4 /* Release */ = {
			isa = XCBuildConfiguration;
			buildSettings = {
				BUNDLE_LOADER = "$(TEST_HOST)";
				INFOPLIST_FILE = GithubDemoTests/Info.plist;
				LD_RUNPATH_SEARCH_PATHS = "$(inherited) @executable_path/Frameworks @loader_path/Frameworks";
				PRODUCT_BUNDLE_IDENTIFIER = com.dummy.keywords.GithubDemoTests;
				PRODUCT_NAME = "$(TARGET_NAME)";
				TEST_HOST = "$(BUILT_PRODUCTS_DIR)/GithubDemo.app/GithubDemo";
			};
			name = Release;
		};
		3A85AF311D50AE7E0074C3F4 /* Debug */ = {
			isa = XCBuildConfiguration;
			buildSettings = {
				INFOPLIST_FILE = GithubDemoUITests/Info.plist;
				LD_RUNPATH_SEARCH_PATHS = "$(inherited) @executable_path/Frameworks @loader_path/Frameworks";
				PRODUCT_BUNDLE_IDENTIFIER = com.dummy.keywords.GithubDemoUITests;
				PRODUCT_NAME = "$(TARGET_NAME)";
				TEST_TARGET_NAME = GithubDemo;
			};
			name = Debug;
		};
		3A85AF321D50AE7E0074C3F4 /* Release */ = {
			isa = XCBuildConfiguration;
			buildSettings = {
				INFOPLIST_FILE = GithubDemoUITests/Info.plist;
				LD_RUNPATH_SEARCH_PATHS = "$(inherited) @executable_path/Frameworks @loader_path/Frameworks";
				PRODUCT_BUNDLE_IDENTIFIER = com.dummy.keywords.GithubDemoUITests;
				PRODUCT_NAME = "$(TARGET_NAME)";
				TEST_TARGET_NAME = GithubDemo;
			};
			name = Release;
		};
/* End XCBuildConfiguration section */

/* Begin XCConfigurationList section */
		3A85AEFD1D50AE7D0074C3F4 /* Build configuration list for PBXProject "GithubDemo" */ = {
			isa = XCConfigurationList;
			buildConfigurations = (
				3A85AF281D50AE7E0074C3F4 /* Debug */,
				3A85AF291D50AE7E0074C3F4 /* Release */,
			);
			defaultConfigurationIsVisible = 0;
			defaultConfigurationName = Release;
		};
		3A85AF2A1D50AE7E0074C3F4 /* Build configuration list for PBXNativeTarget "GithubDemo" */ = {
			isa = XCConfigurationList;
			buildConfigurations = (
				3A85AF2B1D50AE7E0074C3F4 /* Debug */,
				3A85AF2C1D50AE7E0074C3F4 /* Release */,
			);
			defaultConfigurationIsVisible = 0;
		};
		3A85AF2D1D50AE7E0074C3F4 /* Build configuration list for PBXNativeTarget "GithubDemoTests" */ = {
			isa = XCConfigurationList;
			buildConfigurations = (
				3A85AF2E1D50AE7E0074C3F4 /* Debug */,
				3A85AF2F1D50AE7E0074C3F4 /* Release */,
			);
			defaultConfigurationIsVisible = 0;
		};
		3A85AF301D50AE7E0074C3F4 /* Build configuration list for PBXNativeTarget "GithubDemoUITests" */ = {
			isa = XCConfigurationList;
			buildConfigurations = (
				3A85AF311D50AE7E0074C3F4 /* Debug */,
				3A85AF321D50AE7E0074C3F4 /* Release */,
			);
			defaultConfigurationIsVisible = 0;
		};
/* End XCConfigurationList section */
	};
	rootObject = 3A85AEFA1D50AE7D0074C3F4 /* Project object */;
}
